{
  "projects": [
    {
      "projectId": "YUiM7yqBWAqsh8KSnrdj7",
      "version": "0.9.0",
      "dependencies": {},
      "lang": "ts",
      "fileLocks": [
        {
          "assetId": "YUiM7yqBWAqsh8KSnrdj7",
          "type": "projectCss",
          "checksum": "6be9dbec891937cda3b59d2fd3c44796"
        }
      ],
      "codegenVersion": "0.0.1"
    },
    {
      "projectId": "seaQhLVS4bbjiGvJJrRwyL",
      "version": "15.0.3",
      "dependencies": {},
      "lang": "ts",
      "fileLocks": [
        {
          "assetId": "seaQhLVS4bbjiGvJJrRwyL",
          "type": "projectCss",
          "checksum": "3a2c1605ed5a5a7896e997467a883c93"
        }
      ],
      "codegenVersion": "0.0.1"
    },
    {
      "projectId": "94js2uNtUqpbuto4RjVnjs",
      "version": "latest",
      "dependencies": {
        "seaQhLVS4bbjiGvJJrRwyL": "15.0.3",
        "YUiM7yqBWAqsh8KSnrdj7": "0.9.0"
      },
      "lang": "ts",
      "fileLocks": [
        {
          "type": "globalVariant",
          "assetId": "0vz273XwlgvZup",
          "checksum": "36c62dc03900350dba75f4be50cc830b"
        },
        {
          "type": "renderModule",
          "assetId": "sh_vfO8Wqs1iP",
          "checksum": "580568144d856bc3b8058b00b432cfcf"
        },
        {
          "type": "cssRules",
          "assetId": "sh_vfO8Wqs1iP",
          "checksum": "580568144d856bc3b8058b00b432cfcf"
        },
        {
          "type": "renderModule",
          "assetId": "jhpQcoNJaplu7",
          "checksum": "1446188e8a5894d6f9424e4134de0206"
        },
        {
          "type": "cssRules",
          "assetId": "jhpQcoNJaplu7",
          "checksum": "1446188e8a5894d6f9424e4134de0206"
        },
        {
          "type": "renderModule",
          "assetId": "lR1Mp_bm33OCc",
          "checksum": "0f26f7bc6d4848c7567cf84b550c83f7"
        },
        {
          "type": "cssRules",
          "assetId": "lR1Mp_bm33OCc",
          "checksum": "0f26f7bc6d4848c7567cf84b550c83f7"
        },
        {
          "type": "renderModule",
          "assetId": "IAj06pVnio3t_",
          "checksum": "24d7dd6e25bffc418697852f49b5ef78"
        },
        {
          "type": "cssRules",
          "assetId": "IAj06pVnio3t_",
          "checksum": "24d7dd6e25bffc418697852f49b5ef78"
        },
        {
          "type": "renderModule",
          "assetId": "Hp7y8sg8kY0_P",
          "checksum": "3a460dc47f441823b8c473a234f56e9e"
        },
        {
          "type": "cssRules",
          "assetId": "Hp7y8sg8kY0_P",
          "checksum": "3a460dc47f441823b8c473a234f56e9e"
        },
        {
          "type": "renderModule",
          "assetId": "VJgu_rTSVCt9s",
          "checksum": "7460e7f7a28db3ee5abe90f1568dcd12"
        },
        {
          "type": "cssRules",
          "assetId": "VJgu_rTSVCt9s",
          "checksum": "7460e7f7a28db3ee5abe90f1568dcd12"
        },
        {
          "type": "renderModule",
          "assetId": "QCuEfYzwNMVk1T",
          "checksum": "c50759797e1878ea0c1b0abbc8995c70"
        },
        {
          "type": "cssRules",
          "assetId": "QCuEfYzwNMVk1T",
          "checksum": "c50759797e1878ea0c1b0abbc8995c70"
        },
        {
          "type": "renderModule",
          "assetId": "EfGYwRw9pSRN-n",
          "checksum": "ad149bf81f1fea30ddfc09e4d54301ff"
        },
        {
          "type": "cssRules",
          "assetId": "EfGYwRw9pSRN-n",
          "checksum": "ad149bf81f1fea30ddfc09e4d54301ff"
        },
        {
          "type": "renderModule",
          "assetId": "TmI4XX8M7CB1Bi",
          "checksum": "708d90bcbb65fc69d3904c364f078fbc"
        },
        {
          "type": "cssRules",
          "assetId": "TmI4XX8M7CB1Bi",
          "checksum": "708d90bcbb65fc69d3904c364f078fbc"
        },
        {
          "type": "renderModule",
          "assetId": "uW2IvJsOpicilR",
          "checksum": "e4a53519b01830cc2cf134c351dbf182"
        },
        {
          "type": "cssRules",
          "assetId": "uW2IvJsOpicilR",
          "checksum": "e4a53519b01830cc2cf134c351dbf182"
        },
        {
          "type": "renderModule",
          "assetId": "qdfHE4SfDf13cF",
          "checksum": "6ceec8ea6109da6e98fb96bc39c41605"
        },
        {
          "type": "cssRules",
          "assetId": "qdfHE4SfDf13cF",
          "checksum": "6ceec8ea6109da6e98fb96bc39c41605"
        },
        {
          "type": "renderModule",
          "assetId": "mgL5fo4L0Nj28c",
          "checksum": "95d4d8c094dbe5cc5574302bd0ba9ce2"
        },
        {
          "type": "cssRules",
          "assetId": "mgL5fo4L0Nj28c",
          "checksum": "95d4d8c094dbe5cc5574302bd0ba9ce2"
        },
        {
          "type": "renderModule",
          "assetId": "KQPbTxv5Ryq_jN",
          "checksum": "a4baee1d2dcf233d6773f98256849732"
        },
        {
          "type": "cssRules",
          "assetId": "KQPbTxv5Ryq_jN",
          "checksum": "a4baee1d2dcf233d6773f98256849732"
        },
        {
          "type": "renderModule",
          "assetId": "dADBDpSLttLcWc",
          "checksum": "148c19ce1134dd5765d0da358729d62b"
        },
        {
          "type": "cssRules",
          "assetId": "dADBDpSLttLcWc",
          "checksum": "148c19ce1134dd5765d0da358729d62b"
        },
        {
          "type": "renderModule",
          "assetId": "ZT5GgETtWmBBv7",
          "checksum": "ade996e069bc9cbf5bbd66504dbadf14"
        },
        {
          "type": "cssRules",
          "assetId": "ZT5GgETtWmBBv7",
          "checksum": "ade996e069bc9cbf5bbd66504dbadf14"
        },
        {
          "type": "renderModule",
          "assetId": "mRaKtmqnaNhtfA",
          "checksum": "8e79e65935476ffb2696fb4ff1ea717a"
        },
        {
          "type": "cssRules",
          "assetId": "mRaKtmqnaNhtfA",
          "checksum": "8e79e65935476ffb2696fb4ff1ea717a"
        },
        {
          "type": "renderModule",
          "assetId": "xYKhnCHG4K0QtR",
          "checksum": "b5b3a342fc946b73aeea9f2f1de437ab"
        },
        {
          "type": "cssRules",
          "assetId": "xYKhnCHG4K0QtR",
          "checksum": "b5b3a342fc946b73aeea9f2f1de437ab"
        },
        {
          "type": "icon",
          "assetId": "7yk7M26xt7_oCT",
          "checksum": "ef220cf615bf48b9af1127edf5780682"
        },
        {
          "type": "icon",
          "assetId": "9NuJtkS4X2AVqJ",
          "checksum": "c29e580e80c4f46a59deca771e93db39"
        },
        {
          "type": "icon",
          "assetId": "JlQyG0j7dq2g7q",
          "checksum": "6280a32e3a9df5ddb78792efc860a945"
        },
        {
          "type": "icon",
          "assetId": "HBoH2pkpDe-t0e",
          "checksum": "c107ece535ecb1c33e5b02b976093f59"
        },
        {
          "type": "icon",
          "assetId": "N094xoc0uXmMDp",
          "checksum": "33c6e4845750d605af553360119e15e5"
        },
        {
          "type": "icon",
          "assetId": "KeaIHBbnZ50_PN",
          "checksum": "2231fdd45026330ed3e2f0cdf1a0e53a"
        },
        {
          "type": "icon",
          "assetId": "JMBKj7akn61UnJ",
          "checksum": "c80d57881dfcae8b2184aaac708c3a90"
        },
        {
          "type": "icon",
          "assetId": "OjOEOFByBiihAR",
          "checksum": "40a0d11238ca958900ac45de6f513f21"
        },
        {
          "type": "icon",
          "assetId": "GsssQ4XgSEE2rg",
          "checksum": "c9ea23a6f605f262c541b4d6ad6e68da"
        },
        {
          "type": "icon",
          "assetId": "af5W7ke0q84uqu",
          "checksum": "379f70745fa498c860220425da40a5a8"
        },
        {
          "type": "icon",
          "assetId": "GXb0wQq_WWp2Yv",
          "checksum": "ad36e9aae8b79770b3e7bc68ccf6898b"
        },
        {
          "type": "icon",
          "assetId": "Hvky-_H7mfAcIW",
          "checksum": "5c3a519372ef3b6c6af8452b88c18978"
        },
        {
          "type": "icon",
          "assetId": "nK3muXNh63h70U",
          "checksum": "f36956a05ee555e05745eb2de2d6f40d"
        },
        {
          "type": "icon",
          "assetId": "eueNH3_Jw7Xoiv",
          "checksum": "130c2fdc0a981ba92a6763ebaf9923ec"
        },
        {
          "type": "icon",
          "assetId": "T_wjZhc-kLTIis",
          "checksum": "482cee0f21bf3f978f00ab6e93472779"
        },
        {
          "type": "icon",
          "assetId": "2MQi_ezuIdn9cO",
          "checksum": "6f7fcf1304566f3ce3ab5660fca036fd"
        },
        {
          "type": "icon",
          "assetId": "RmYRXj6I_4lgVy",
          "checksum": "56255b078b57a7a63b680e58c1b91631"
        },
        {
          "type": "icon",
          "assetId": "B-aKZVh4Zpyw3o",
          "checksum": "34d4c8ccc91e0f22e77b7ceafbb82225"
        },
        {
          "type": "icon",
          "assetId": "PsebbWavP2tHQe",
          "checksum": "a0fc6b3f2b59665dcfdf6257fc6b1dbf"
        },
        {
          "type": "icon",
          "assetId": "SKBSbQ12c7LWbs",
          "checksum": "6b66846cb6af2fe831e926b7473d0f01"
        },
        {
          "type": "icon",
          "assetId": "gOR-aQ2ASZZYNh",
          "checksum": "b74865e6a156092a647bbb8f8ed81f00"
        },
        {
          "type": "icon",
          "assetId": "QyfHOs2k463N3d",
          "checksum": "650c410c367d3a2ea780e7a3ca285131"
        },
        {
          "type": "image",
          "assetId": "Nm8F-zQE0viGhD",
          "checksum": "fdd4e2a4998de99d4a63157fe0c50e4a"
        },
        {
          "type": "image",
          "assetId": "uU2UBu6SODwcf_",
          "checksum": "f18bef34b85708658dc7caa4593b0160"
        },
        {
          "type": "image",
          "assetId": "PDZBbl2Pdtl8x_",
          "checksum": "7224fdca105138ae9a83f1f74887432c"
        },
        {
          "type": "image",
          "assetId": "wHuFm2_bzzBxvc",
          "checksum": "2b8d712dec0f79f9645313a45311f25c"
        },
        {
          "assetId": "94js2uNtUqpbuto4RjVnjs",
          "type": "projectCss",
          "checksum": "d0eacf01cdd8756919b8b5962bc5aa0c"
        },
        {
          "type": "renderModule",
          "assetId": "8VAXs8-di9",
          "checksum": "eeeb6e8f94ebafb57cce7dc0f724a5ea"
        },
        {
          "type": "cssRules",
          "assetId": "8VAXs8-di9",
          "checksum": "eeeb6e8f94ebafb57cce7dc0f724a5ea"
        },
        {
          "type": "renderModule",
          "assetId": "Ska_iDjcL1",
          "checksum": "d247358b9e93cf735226f63d9e9f9ba6"
        },
        {
          "type": "cssRules",
          "assetId": "Ska_iDjcL1",
          "checksum": "d247358b9e93cf735226f63d9e9f9ba6"
        }
      ],
      "codegenVersion": "0.0.1"
    }
  ],
  "cliVersion": "0.1.194"
}
